
Microsoft Visual Studio Solution File, Format Version 12.00
# Visual Studio 14
VisualStudioVersion = 14.0.25420.1
MinimumVisualStudioVersion = 10.0.40219.1
Project("{FAE04EC0-301F-11D3-BF4B-00C04F79EFBC}") = "CarRental.Business.Entities", "CarRental.Business.Entities\CarRental.Business.Entities.csproj", "{05EC2AE0-F7CC-4718-90C4-8B9F17341621}"
EndProject
Project("{2150E333-8FDC-42A3-9474-1A3956D46DE8}") = "Business", "Business", "{008EED61-5884-4BE5-9766-75D9E3AF5467}"
EndProject
Project("{2150E333-8FDC-42A3-9474-1A3956D46DE8}") = "Client", "Client", "{5F7BF8FC-80EA-4FEB-A066-6E8E01DB38DA}"
EndProject
Project("{FAE04EC0-301F-11D3-BF4B-00C04F79EFBC}") = "CarRental.Client.Entities", "CarRental.Client.Entities\CarRental.Client.Entities.csproj", "{5D861A7B-66DC-48E2-AB39-46FF3C884A17}"
EndProject
Project("{FAE04EC0-301F-11D3-BF4B-00C04F79EFBC}") = "Core.Common", "Core.Common\Core.Common.csproj", "{F6BCFF98-A714-4B7B-978F-23D812D1744A}"
EndProject
Project("{FAE04EC0-301F-11D3-BF4B-00C04F79EFBC}") = "Core.Common.Contracts", "Core.Common.Contracts\Core.Common.Contracts.csproj", "{5F9B5530-F150-4BF0-9D07-0AD8A4C6EF7D}"
EndProject
Project("{2150E333-8FDC-42A3-9474-1A3956D46DE8}") = "Core", "Core", "{A7D48DEF-3585-41FD-A740-9A63B810E9DE}"
EndProject
Project("{2150E333-8FDC-42A3-9474-1A3956D46DE8}") = "Tests", "Tests", "{D292B3E3-3F41-4267-9E73-24E096665011}"
EndProject
Project("{FAE04EC0-301F-11D3-BF4B-00C04F79EFBC}") = "Core.Common.Tests", "Core.Common.Tests\Core.Common.Tests.csproj", "{7127A0DE-FDE4-4CA7-94A6-8C1B803D0398}"
EndProject
Project("{2150E333-8FDC-42A3-9474-1A3956D46DE8}") = "Resource Access", "Resource Access", "{055A57FE-9CB7-46D6-9C29-B6E84CE1B869}"
EndProject
Project("{FAE04EC0-301F-11D3-BF4B-00C04F79EFBC}") = "CarRental.Data", "CarRental.Data\CarRental.Data.csproj", "{4253CDC7-DC81-4792-993C-8B9AA8B3D535}"
EndProject
Project("{FAE04EC0-301F-11D3-BF4B-00C04F79EFBC}") = "CarRental.Data.Tests", "CarRental.Data.Tests\CarRental.Data.Tests.csproj", "{C59E2792-790C-4EBD-9100-61EE7209E464}"
EndProject
Project("{FAE04EC0-301F-11D3-BF4B-00C04F79EFBC}") = "CarRental.Data.Contracts", "CarRental.Data.Contracts\CarRental.Data.Contracts.csproj", "{85E8B80B-69BC-4005-8186-4A3CFE71EBBD}"
EndProject
Project("{FAE04EC0-301F-11D3-BF4B-00C04F79EFBC}") = "CarRental.Business.Bootstrapper", "CarRental.Business.Bootstrapper\CarRental.Business.Bootstrapper.csproj", "{E4A00C62-BF1D-4769-BB86-1CB7BE22B306}"
EndProject
Project("{FAE04EC0-301F-11D3-BF4B-00C04F79EFBC}") = "CarRental.Business.Common", "CarRental.Business.Common\CarRental.Business.Common.csproj", "{2E17F09A-4A9D-40FF-A03B-C6BF075E4EBC}"
EndProject
Project("{FAE04EC0-301F-11D3-BF4B-00C04F79EFBC}") = "CarRental.Business.Contracts", "CarRental.Business.Contracts\CarRental.Business.Contracts.csproj", "{657FA2B4-665D-4D13-9187-620BD165FB78}"
EndProject
Project("{FAE04EC0-301F-11D3-BF4B-00C04F79EFBC}") = "CarRental.Business.Managers", "CarRental.Business.Managers\CarRental.Business.Managers.csproj", "{2F8D41C8-018C-4AE4-9A08-AFC3EC5F4A4E}"
EndProject
Project("{FAE04EC0-301F-11D3-BF4B-00C04F79EFBC}") = "CarRental.Business", "CarRental.Business\CarRental.Business.csproj", "{C87A2C3E-4497-4133-AA75-DEB9A736138B}"
EndProject
Project("{2150E333-8FDC-42A3-9474-1A3956D46DE8}") = "Common", "Common", "{A02DDAF8-3674-49B5-9BF8-BA443D2152C8}"
EndProject
Project("{FAE04EC0-301F-11D3-BF4B-00C04F79EFBC}") = "CarRental.Common", "CarRental.Common\CarRental.Common.csproj", "{9AE40032-A343-4511-8431-B14FE1C65D5B}"
EndProject
Project("{FAE04EC0-301F-11D3-BF4B-00C04F79EFBC}") = "Core.Common.ServiceModel", "Core.Common.ServiceModel\Core.Common.ServiceModel.csproj", "{42DAAAF7-A384-40C3-B935-167B77BF1AF2}"
EndProject
Project("{FAE04EC0-301F-11D3-BF4B-00C04F79EFBC}") = "CarRental.Business.Tests", "CarRental.Business.Tests\CarRental.Business.Tests.csproj", "{AB5972DD-A71F-4302-B066-E0EC2C47E93B}"
EndProject
Project("{FAE04EC0-301F-11D3-BF4B-00C04F79EFBC}") = "CarRental.Business.Managers.Tests", "CarRental.Business.Managers.Tests\CarRental.Business.Managers.Tests.csproj", "{3D417AC3-45C6-472B-865D-526227B5388A}"
EndProject
Project("{2150E333-8FDC-42A3-9474-1A3956D46DE8}") = "Hosting", "Hosting", "{E8899BD7-A2E4-46A3-A7D0-932F992ADB0C}"
EndProject
Project("{FAE04EC0-301F-11D3-BF4B-00C04F79EFBC}") = "CarRental.ServiceHost.Console", "CarRental.ServiceHost.Console\CarRental.ServiceHost.Console.csproj", "{C2E4A1F9-4530-4AAC-8BA9-402D1F70F6EA}"
EndProject
Project("{FAE04EC0-301F-11D3-BF4B-00C04F79EFBC}") = "CarRental.ServiceHost.Tests", "CarRental.ServiceHost.Tests\CarRental.ServiceHost.Tests.csproj", "{53C96329-806C-4CED-A5ED-CC5889DA8647}"
EndProject
Project("{FAE04EC0-301F-11D3-BF4B-00C04F79EFBC}") = "CarRental.Client.Contracts", "CarRental.Client.Contracts\CarRental.Client.Contracts.csproj", "{D2A87E68-3D49-485C-8FB7-7D28F8584CF4}"
EndProject
Project("{FAE04EC0-301F-11D3-BF4B-00C04F79EFBC}") = "CarRental.Client.Proxies", "CarRental.Client.Proxies\CarRental.Client.Proxies.csproj", "{770FA5AD-5B8E-4D38-B10F-E015D27D3B19}"
EndProject
Project("{FAE04EC0-301F-11D3-BF4B-00C04F79EFBC}") = "CarRental.Client.Bootstrapper", "CarRental.Client.Bootstrapper\CarRental.Client.Bootstrapper.csproj", "{0FDDC2AE-FBBB-4214-9808-58B89D8448C0}"
EndProject
Project("{FAE04EC0-301F-11D3-BF4B-00C04F79EFBC}") = "CarRental.Client.Proxies.Tests", "CarRental.Client.Proxies.Tests\CarRental.Client.Proxies.Tests.csproj", "{83465D37-A8E1-4D10-83C4-8C1B2DD8EC4B}"
EndProject
Global
	GlobalSection(SolutionConfigurationPlatforms) = preSolution
		Debug|Any CPU = Debug|Any CPU
		Release|Any CPU = Release|Any CPU
	EndGlobalSection
	GlobalSection(ProjectConfigurationPlatforms) = postSolution
		{05EC2AE0-F7CC-4718-90C4-8B9F17341621}.Debug|Any CPU.ActiveCfg = Debug|Any CPU
		{05EC2AE0-F7CC-4718-90C4-8B9F17341621}.Debug|Any CPU.Build.0 = Debug|Any CPU
		{05EC2AE0-F7CC-4718-90C4-8B9F17341621}.Release|Any CPU.ActiveCfg = Release|Any CPU
		{05EC2AE0-F7CC-4718-90C4-8B9F17341621}.Release|Any CPU.Build.0 = Release|Any CPU
		{5D861A7B-66DC-48E2-AB39-46FF3C884A17}.Debug|Any CPU.ActiveCfg = Debug|Any CPU
		{5D861A7B-66DC-48E2-AB39-46FF3C884A17}.Debug|Any CPU.Build.0 = Debug|Any CPU
		{5D861A7B-66DC-48E2-AB39-46FF3C884A17}.Release|Any CPU.ActiveCfg = Release|Any CPU
		{5D861A7B-66DC-48E2-AB39-46FF3C884A17}.Release|Any CPU.Build.0 = Release|Any CPU
		{F6BCFF98-A714-4B7B-978F-23D812D1744A}.Debug|Any CPU.ActiveCfg = Debug|Any CPU
		{F6BCFF98-A714-4B7B-978F-23D812D1744A}.Debug|Any CPU.Build.0 = Debug|Any CPU
		{F6BCFF98-A714-4B7B-978F-23D812D1744A}.Release|Any CPU.ActiveCfg = Release|Any CPU
		{F6BCFF98-A714-4B7B-978F-23D812D1744A}.Release|Any CPU.Build.0 = Release|Any CPU
		{5F9B5530-F150-4BF0-9D07-0AD8A4C6EF7D}.Debug|Any CPU.ActiveCfg = Debug|Any CPU
		{5F9B5530-F150-4BF0-9D07-0AD8A4C6EF7D}.Debug|Any CPU.Build.0 = Debug|Any CPU
		{5F9B5530-F150-4BF0-9D07-0AD8A4C6EF7D}.Release|Any CPU.ActiveCfg = Release|Any CPU
		{5F9B5530-F150-4BF0-9D07-0AD8A4C6EF7D}.Release|Any CPU.Build.0 = Release|Any CPU
		{7127A0DE-FDE4-4CA7-94A6-8C1B803D0398}.Debug|Any CPU.ActiveCfg = Debug|Any CPU
		{7127A0DE-FDE4-4CA7-94A6-8C1B803D0398}.Debug|Any CPU.Build.0 = Debug|Any CPU
		{7127A0DE-FDE4-4CA7-94A6-8C1B803D0398}.Release|Any CPU.ActiveCfg = Release|Any CPU
		{7127A0DE-FDE4-4CA7-94A6-8C1B803D0398}.Release|Any CPU.Build.0 = Release|Any CPU
		{4253CDC7-DC81-4792-993C-8B9AA8B3D535}.Debug|Any CPU.ActiveCfg = Debug|Any CPU
		{4253CDC7-DC81-4792-993C-8B9AA8B3D535}.Debug|Any CPU.Build.0 = Debug|Any CPU
		{4253CDC7-DC81-4792-993C-8B9AA8B3D535}.Release|Any CPU.ActiveCfg = Release|Any CPU
		{4253CDC7-DC81-4792-993C-8B9AA8B3D535}.Release|Any CPU.Build.0 = Release|Any CPU
		{C59E2792-790C-4EBD-9100-61EE7209E464}.Debug|Any CPU.ActiveCfg = Debug|Any CPU
		{C59E2792-790C-4EBD-9100-61EE7209E464}.Debug|Any CPU.Build.0 = Debug|Any CPU
		{C59E2792-790C-4EBD-9100-61EE7209E464}.Release|Any CPU.ActiveCfg = Release|Any CPU
		{C59E2792-790C-4EBD-9100-61EE7209E464}.Release|Any CPU.Build.0 = Release|Any CPU
		{85E8B80B-69BC-4005-8186-4A3CFE71EBBD}.Debug|Any CPU.ActiveCfg = Debug|Any CPU
		{85E8B80B-69BC-4005-8186-4A3CFE71EBBD}.Debug|Any CPU.Build.0 = Debug|Any CPU
		{85E8B80B-69BC-4005-8186-4A3CFE71EBBD}.Release|Any CPU.ActiveCfg = Release|Any CPU
		{85E8B80B-69BC-4005-8186-4A3CFE71EBBD}.Release|Any CPU.Build.0 = Release|Any CPU
		{E4A00C62-BF1D-4769-BB86-1CB7BE22B306}.Debug|Any CPU.ActiveCfg = Debug|Any CPU
		{E4A00C62-BF1D-4769-BB86-1CB7BE22B306}.Debug|Any CPU.Build.0 = Debug|Any CPU
		{E4A00C62-BF1D-4769-BB86-1CB7BE22B306}.Release|Any CPU.ActiveCfg = Release|Any CPU
		{E4A00C62-BF1D-4769-BB86-1CB7BE22B306}.Release|Any CPU.Build.0 = Release|Any CPU
		{2E17F09A-4A9D-40FF-A03B-C6BF075E4EBC}.Debug|Any CPU.ActiveCfg = Debug|Any CPU
		{2E17F09A-4A9D-40FF-A03B-C6BF075E4EBC}.Debug|Any CPU.Build.0 = Debug|Any CPU
		{2E17F09A-4A9D-40FF-A03B-C6BF075E4EBC}.Release|Any CPU.ActiveCfg = Release|Any CPU
		{2E17F09A-4A9D-40FF-A03B-C6BF075E4EBC}.Release|Any CPU.Build.0 = Release|Any CPU
		{657FA2B4-665D-4D13-9187-620BD165FB78}.Debug|Any CPU.ActiveCfg = Debug|Any CPU
		{657FA2B4-665D-4D13-9187-620BD165FB78}.Debug|Any CPU.Build.0 = Debug|Any CPU
		{657FA2B4-665D-4D13-9187-620BD165FB78}.Release|Any CPU.ActiveCfg = Release|Any CPU
		{657FA2B4-665D-4D13-9187-620BD165FB78}.Release|Any CPU.Build.0 = Release|Any CPU
		{2F8D41C8-018C-4AE4-9A08-AFC3EC5F4A4E}.Debug|Any CPU.ActiveCfg = Debug|Any CPU
		{2F8D41C8-018C-4AE4-9A08-AFC3EC5F4A4E}.Debug|Any CPU.Build.0 = Debug|Any CPU
		{2F8D41C8-018C-4AE4-9A08-AFC3EC5F4A4E}.Release|Any CPU.ActiveCfg = Release|Any CPU
		{2F8D41C8-018C-4AE4-9A08-AFC3EC5F4A4E}.Release|Any CPU.Build.0 = Release|Any CPU
		{C87A2C3E-4497-4133-AA75-DEB9A736138B}.Debug|Any CPU.ActiveCfg = Debug|Any CPU
		{C87A2C3E-4497-4133-AA75-DEB9A736138B}.Debug|Any CPU.Build.0 = Debug|Any CPU
		{C87A2C3E-4497-4133-AA75-DEB9A736138B}.Release|Any CPU.ActiveCfg = Release|Any CPU
		{C87A2C3E-4497-4133-AA75-DEB9A736138B}.Release|Any CPU.Build.0 = Release|Any CPU
		{9AE40032-A343-4511-8431-B14FE1C65D5B}.Debug|Any CPU.ActiveCfg = Debug|Any CPU
		{9AE40032-A343-4511-8431-B14FE1C65D5B}.Debug|Any CPU.Build.0 = Debug|Any CPU
		{9AE40032-A343-4511-8431-B14FE1C65D5B}.Release|Any CPU.ActiveCfg = Release|Any CPU
		{9AE40032-A343-4511-8431-B14FE1C65D5B}.Release|Any CPU.Build.0 = Release|Any CPU
		{42DAAAF7-A384-40C3-B935-167B77BF1AF2}.Debug|Any CPU.ActiveCfg = Debug|Any CPU
		{42DAAAF7-A384-40C3-B935-167B77BF1AF2}.Debug|Any CPU.Build.0 = Debug|Any CPU
		{42DAAAF7-A384-40C3-B935-167B77BF1AF2}.Release|Any CPU.ActiveCfg = Release|Any CPU
		{42DAAAF7-A384-40C3-B935-167B77BF1AF2}.Release|Any CPU.Build.0 = Release|Any CPU
		{AB5972DD-A71F-4302-B066-E0EC2C47E93B}.Debug|Any CPU.ActiveCfg = Debug|Any CPU
		{AB5972DD-A71F-4302-B066-E0EC2C47E93B}.Debug|Any CPU.Build.0 = Debug|Any CPU
		{AB5972DD-A71F-4302-B066-E0EC2C47E93B}.Release|Any CPU.ActiveCfg = Release|Any CPU
		{AB5972DD-A71F-4302-B066-E0EC2C47E93B}.Release|Any CPU.Build.0 = Release|Any CPU
		{3D417AC3-45C6-472B-865D-526227B5388A}.Debug|Any CPU.ActiveCfg = Debug|Any CPU
		{3D417AC3-45C6-472B-865D-526227B5388A}.Debug|Any CPU.Build.0 = Debug|Any CPU
		{3D417AC3-45C6-472B-865D-526227B5388A}.Release|Any CPU.ActiveCfg = Release|Any CPU
		{3D417AC3-45C6-472B-865D-526227B5388A}.Release|Any CPU.Build.0 = Release|Any CPU
		{C2E4A1F9-4530-4AAC-8BA9-402D1F70F6EA}.Debug|Any CPU.ActiveCfg = Debug|Any CPU
		{C2E4A1F9-4530-4AAC-8BA9-402D1F70F6EA}.Debug|Any CPU.Build.0 = Debug|Any CPU
		{C2E4A1F9-4530-4AAC-8BA9-402D1F70F6EA}.Release|Any CPU.ActiveCfg = Release|Any CPU
		{C2E4A1F9-4530-4AAC-8BA9-402D1F70F6EA}.Release|Any CPU.Build.0 = Release|Any CPU
		{53C96329-806C-4CED-A5ED-CC5889DA8647}.Debug|Any CPU.ActiveCfg = Debug|Any CPU
		{53C96329-806C-4CED-A5ED-CC5889DA8647}.Debug|Any CPU.Build.0 = Debug|Any CPU
		{53C96329-806C-4CED-A5ED-CC5889DA8647}.Release|Any CPU.ActiveCfg = Release|Any CPU
		{53C96329-806C-4CED-A5ED-CC5889DA8647}.Release|Any CPU.Build.0 = Release|Any CPU
		{D2A87E68-3D49-485C-8FB7-7D28F8584CF4}.Debug|Any CPU.ActiveCfg = Debug|Any CPU
		{D2A87E68-3D49-485C-8FB7-7D28F8584CF4}.Debug|Any CPU.Build.0 = Debug|Any CPU
		{D2A87E68-3D49-485C-8FB7-7D28F8584CF4}.Release|Any CPU.ActiveCfg = Release|Any CPU
		{D2A87E68-3D49-485C-8FB7-7D28F8584CF4}.Release|Any CPU.Build.0 = Release|Any CPU
		{770FA5AD-5B8E-4D38-B10F-E015D27D3B19}.Debug|Any CPU.ActiveCfg = Debug|Any CPU
		{770FA5AD-5B8E-4D38-B10F-E015D27D3B19}.Debug|Any CPU.Build.0 = Debug|Any CPU
		{770FA5AD-5B8E-4D38-B10F-E015D27D3B19}.Release|Any CPU.ActiveCfg = Release|Any CPU
		{770FA5AD-5B8E-4D38-B10F-E015D27D3B19}.Release|Any CPU.Build.0 = Release|Any CPU
		{0FDDC2AE-FBBB-4214-9808-58B89D8448C0}.Debug|Any CPU.ActiveCfg = Debug|Any CPU
		{0FDDC2AE-FBBB-4214-9808-58B89D8448C0}.Debug|Any CPU.Build.0 = Debug|Any CPU
		{0FDDC2AE-FBBB-4214-9808-58B89D8448C0}.Release|Any CPU.ActiveCfg = Release|Any CPU
		{0FDDC2AE-FBBB-4214-9808-58B89D8448C0}.Release|Any CPU.Build.0 = Release|Any CPU
		{83465D37-A8E1-4D10-83C4-8C1B2DD8EC4B}.Debug|Any CPU.ActiveCfg = Debug|Any CPU
		{83465D37-A8E1-4D10-83C4-8C1B2DD8EC4B}.Debug|Any CPU.Build.0 = Debug|Any CPU
		{83465D37-A8E1-4D10-83C4-8C1B2DD8EC4B}.Release|Any CPU.ActiveCfg = Release|Any CPU
		{83465D37-A8E1-4D10-83C4-8C1B2DD8EC4B}.Release|Any CPU.Build.0 = Release|Any CPU
	EndGlobalSection
	GlobalSection(SolutionProperties) = preSolution
		HideSolutionNode = FALSE
	EndGlobalSection
	GlobalSection(NestedProjects) = preSolution
		{05EC2AE0-F7CC-4718-90C4-8B9F17341621} = {008EED61-5884-4BE5-9766-75D9E3AF5467}
		{5D861A7B-66DC-48E2-AB39-46FF3C884A17} = {5F7BF8FC-80EA-4FEB-A066-6E8E01DB38DA}
		{F6BCFF98-A714-4B7B-978F-23D812D1744A} = {A7D48DEF-3585-41FD-A740-9A63B810E9DE}
		{5F9B5530-F150-4BF0-9D07-0AD8A4C6EF7D} = {A7D48DEF-3585-41FD-A740-9A63B810E9DE}
		{7127A0DE-FDE4-4CA7-94A6-8C1B803D0398} = {D292B3E3-3F41-4267-9E73-24E096665011}
		{4253CDC7-DC81-4792-993C-8B9AA8B3D535} = {055A57FE-9CB7-46D6-9C29-B6E84CE1B869}
		{C59E2792-790C-4EBD-9100-61EE7209E464} = {D292B3E3-3F41-4267-9E73-24E096665011}
		{85E8B80B-69BC-4005-8186-4A3CFE71EBBD} = {055A57FE-9CB7-46D6-9C29-B6E84CE1B869}
		{E4A00C62-BF1D-4769-BB86-1CB7BE22B306} = {008EED61-5884-4BE5-9766-75D9E3AF5467}
		{2E17F09A-4A9D-40FF-A03B-C6BF075E4EBC} = {008EED61-5884-4BE5-9766-75D9E3AF5467}
		{657FA2B4-665D-4D13-9187-620BD165FB78} = {008EED61-5884-4BE5-9766-75D9E3AF5467}
		{2F8D41C8-018C-4AE4-9A08-AFC3EC5F4A4E} = {008EED61-5884-4BE5-9766-75D9E3AF5467}
		{C87A2C3E-4497-4133-AA75-DEB9A736138B} = {008EED61-5884-4BE5-9766-75D9E3AF5467}
		{9AE40032-A343-4511-8431-B14FE1C65D5B} = {A02DDAF8-3674-49B5-9BF8-BA443D2152C8}
		{42DAAAF7-A384-40C3-B935-167B77BF1AF2} = {A7D48DEF-3585-41FD-A740-9A63B810E9DE}
		{AB5972DD-A71F-4302-B066-E0EC2C47E93B} = {D292B3E3-3F41-4267-9E73-24E096665011}
		{3D417AC3-45C6-472B-865D-526227B5388A} = {D292B3E3-3F41-4267-9E73-24E096665011}
		{C2E4A1F9-4530-4AAC-8BA9-402D1F70F6EA} = {E8899BD7-A2E4-46A3-A7D0-932F992ADB0C}
		{53C96329-806C-4CED-A5ED-CC5889DA8647} = {D292B3E3-3F41-4267-9E73-24E096665011}
		{D2A87E68-3D49-485C-8FB7-7D28F8584CF4} = {5F7BF8FC-80EA-4FEB-A066-6E8E01DB38DA}
		{770FA5AD-5B8E-4D38-B10F-E015D27D3B19} = {5F7BF8FC-80EA-4FEB-A066-6E8E01DB38DA}
		{0FDDC2AE-FBBB-4214-9808-58B89D8448C0} = {5F7BF8FC-80EA-4FEB-A066-6E8E01DB38DA}
		{83465D37-A8E1-4D10-83C4-8C1B2DD8EC4B} = {D292B3E3-3F41-4267-9E73-24E096665011}
	EndGlobalSection
EndGlobal
