
Microsoft Visual Studio Solution File, Format Version 12.00
# Visual Studio 14
VisualStudioVersion = 14.0.25420.1
MinimumVisualStudioVersion = 10.0.40219.1
Project("{FAE04EC0-301F-11D3-BF4B-00C04F79EFBC}") = "CarRental.Business.Entities", "CarRental.Business.Entities\CarRental.Business.Entities.csproj", "{05EC2AE0-F7CC-4718-90C4-8B9F17341621}"
EndProject
Project("{2150E333-8FDC-42A3-9474-1A3956D46DE8}") = "Business", "Business", "{008EED61-5884-4BE5-9766-75D9E3AF5467}"
EndProject
Project("{2150E333-8FDC-42A3-9474-1A3956D46DE8}") = "Client", "Client", "{5F7BF8FC-80EA-4FEB-A066-6E8E01DB38DA}"
EndProject
Project("{FAE04EC0-301F-11D3-BF4B-00C04F79EFBC}") = "CarRental.Client.Entities", "CarRental.Client.Entities\CarRental.Client.Entities.csproj", "{5D861A7B-66DC-48E2-AB39-46FF3C884A17}"
EndProject
Project("{FAE04EC0-301F-11D3-BF4B-00C04F79EFBC}") = "Core.Common", "Core.Common\Core.Common.csproj", "{F6BCFF98-A714-4B7B-978F-23D812D1744A}"
EndProject
Project("{FAE04EC0-301F-11D3-BF4B-00C04F79EFBC}") = "Core.Common.Contracts", "Core.Common.Contracts\Core.Common.Contracts.csproj", "{5F9B5530-F150-4BF0-9D07-0AD8A4C6EF7D}"
EndProject
Project("{2150E333-8FDC-42A3-9474-1A3956D46DE8}") = "Core", "Core", "{A7D48DEF-3585-41FD-A740-9A63B810E9DE}"
EndProject
Project("{2150E333-8FDC-42A3-9474-1A3956D46DE8}") = "Tests", "Tests", "{D292B3E3-3F41-4267-9E73-24E096665011}"
EndProject
Project("{FAE04EC0-301F-11D3-BF4B-00C04F79EFBC}") = "Core.Common.Tests", "Core.Common.Tests\Core.Common.Tests.csproj", "{7127A0DE-FDE4-4CA7-94A6-8C1B803D0398}"
EndProject
Project("{2150E333-8FDC-42A3-9474-1A3956D46DE8}") = "Resource Access", "Resource Access", "{055A57FE-9CB7-46D6-9C29-B6E84CE1B869}"
EndProject
Project("{FAE04EC0-301F-11D3-BF4B-00C04F79EFBC}") = "CarRental.Data", "CarRental.Data\CarRental.Data.csproj", "{4253CDC7-DC81-4792-993C-8B9AA8B3D535}"
EndProject
Project("{FAE04EC0-301F-11D3-BF4B-00C04F79EFBC}") = "CarRental.Data.Tests", "CarRental.Data.Tests\CarRental.Data.Tests.csproj", "{C59E2792-790C-4EBD-9100-61EE7209E464}"
EndProject
Project("{FAE04EC0-301F-11D3-BF4B-00C04F79EFBC}") = "CarRental.Data.Contracts", "CarRental.Data.Contracts\CarRental.Data.Contracts.csproj", "{85E8B80B-69BC-4005-8186-4A3CFE71EBBD}"
EndProject
Global
	GlobalSection(SolutionConfigurationPlatforms) = preSolution
		Debug|Any CPU = Debug|Any CPU
		Release|Any CPU = Release|Any CPU
	EndGlobalSection
	GlobalSection(ProjectConfigurationPlatforms) = postSolution
		{05EC2AE0-F7CC-4718-90C4-8B9F17341621}.Debug|Any CPU.ActiveCfg = Debug|Any CPU
		{05EC2AE0-F7CC-4718-90C4-8B9F17341621}.Debug|Any CPU.Build.0 = Debug|Any CPU
		{05EC2AE0-F7CC-4718-90C4-8B9F17341621}.Release|Any CPU.ActiveCfg = Release|Any CPU
		{05EC2AE0-F7CC-4718-90C4-8B9F17341621}.Release|Any CPU.Build.0 = Release|Any CPU
		{5D861A7B-66DC-48E2-AB39-46FF3C884A17}.Debug|Any CPU.ActiveCfg = Debug|Any CPU
		{5D861A7B-66DC-48E2-AB39-46FF3C884A17}.Debug|Any CPU.Build.0 = Debug|Any CPU
		{5D861A7B-66DC-48E2-AB39-46FF3C884A17}.Release|Any CPU.ActiveCfg = Release|Any CPU
		{5D861A7B-66DC-48E2-AB39-46FF3C884A17}.Release|Any CPU.Build.0 = Release|Any CPU
		{F6BCFF98-A714-4B7B-978F-23D812D1744A}.Debug|Any CPU.ActiveCfg = Debug|Any CPU
		{F6BCFF98-A714-4B7B-978F-23D812D1744A}.Debug|Any CPU.Build.0 = Debug|Any CPU
		{F6BCFF98-A714-4B7B-978F-23D812D1744A}.Release|Any CPU.ActiveCfg = Release|Any CPU
		{F6BCFF98-A714-4B7B-978F-23D812D1744A}.Release|Any CPU.Build.0 = Release|Any CPU
		{5F9B5530-F150-4BF0-9D07-0AD8A4C6EF7D}.Debug|Any CPU.ActiveCfg = Debug|Any CPU
		{5F9B5530-F150-4BF0-9D07-0AD8A4C6EF7D}.Debug|Any CPU.Build.0 = Debug|Any CPU
		{5F9B5530-F150-4BF0-9D07-0AD8A4C6EF7D}.Release|Any CPU.ActiveCfg = Release|Any CPU
		{5F9B5530-F150-4BF0-9D07-0AD8A4C6EF7D}.Release|Any CPU.Build.0 = Release|Any CPU
		{7127A0DE-FDE4-4CA7-94A6-8C1B803D0398}.Debug|Any CPU.ActiveCfg = Debug|Any CPU
		{7127A0DE-FDE4-4CA7-94A6-8C1B803D0398}.Debug|Any CPU.Build.0 = Debug|Any CPU
		{7127A0DE-FDE4-4CA7-94A6-8C1B803D0398}.Release|Any CPU.ActiveCfg = Release|Any CPU
		{7127A0DE-FDE4-4CA7-94A6-8C1B803D0398}.Release|Any CPU.Build.0 = Release|Any CPU
		{4253CDC7-DC81-4792-993C-8B9AA8B3D535}.Debug|Any CPU.ActiveCfg = Debug|Any CPU
		{4253CDC7-DC81-4792-993C-8B9AA8B3D535}.Debug|Any CPU.Build.0 = Debug|Any CPU
		{4253CDC7-DC81-4792-993C-8B9AA8B3D535}.Release|Any CPU.ActiveCfg = Release|Any CPU
		{4253CDC7-DC81-4792-993C-8B9AA8B3D535}.Release|Any CPU.Build.0 = Release|Any CPU
		{C59E2792-790C-4EBD-9100-61EE7209E464}.Debug|Any CPU.ActiveCfg = Debug|Any CPU
		{C59E2792-790C-4EBD-9100-61EE7209E464}.Debug|Any CPU.Build.0 = Debug|Any CPU
		{C59E2792-790C-4EBD-9100-61EE7209E464}.Release|Any CPU.ActiveCfg = Release|Any CPU
		{C59E2792-790C-4EBD-9100-61EE7209E464}.Release|Any CPU.Build.0 = Release|Any CPU
		{85E8B80B-69BC-4005-8186-4A3CFE71EBBD}.Debug|Any CPU.ActiveCfg = Debug|Any CPU
		{85E8B80B-69BC-4005-8186-4A3CFE71EBBD}.Debug|Any CPU.Build.0 = Debug|Any CPU
		{85E8B80B-69BC-4005-8186-4A3CFE71EBBD}.Release|Any CPU.ActiveCfg = Release|Any CPU
		{85E8B80B-69BC-4005-8186-4A3CFE71EBBD}.Release|Any CPU.Build.0 = Release|Any CPU
	EndGlobalSection
	GlobalSection(SolutionProperties) = preSolution
		HideSolutionNode = FALSE
	EndGlobalSection
	GlobalSection(NestedProjects) = preSolution
		{05EC2AE0-F7CC-4718-90C4-8B9F17341621} = {008EED61-5884-4BE5-9766-75D9E3AF5467}
		{5D861A7B-66DC-48E2-AB39-46FF3C884A17} = {5F7BF8FC-80EA-4FEB-A066-6E8E01DB38DA}
		{F6BCFF98-A714-4B7B-978F-23D812D1744A} = {A7D48DEF-3585-41FD-A740-9A63B810E9DE}
		{5F9B5530-F150-4BF0-9D07-0AD8A4C6EF7D} = {A7D48DEF-3585-41FD-A740-9A63B810E9DE}
		{7127A0DE-FDE4-4CA7-94A6-8C1B803D0398} = {D292B3E3-3F41-4267-9E73-24E096665011}
		{4253CDC7-DC81-4792-993C-8B9AA8B3D535} = {055A57FE-9CB7-46D6-9C29-B6E84CE1B869}
		{C59E2792-790C-4EBD-9100-61EE7209E464} = {D292B3E3-3F41-4267-9E73-24E096665011}
		{85E8B80B-69BC-4005-8186-4A3CFE71EBBD} = {055A57FE-9CB7-46D6-9C29-B6E84CE1B869}
	EndGlobalSection
EndGlobal
